
Microsoft Visual Studio Solution File, Format Version 12.00
# Visual Studio 2013
VisualStudioVersion = 12.0.21005.1
MinimumVisualStudioVersion = 10.0.40219.1
Project("{FAE04EC0-301F-11D3-BF4B-00C04F79EFBC}") = "LotServiceTests", "LotServiceTests\LotServiceTests.csproj", "{8319DDAA-1FFF-4F26-9851-3F9AD8196F28}"
EndProject
Project("{FAE04EC0-301F-11D3-BF4B-00C04F79EFBC}") = "LotContracts", "LotContracts\LotContracts.csproj", "{1203F09E-F7D9-483B-9BA8-BBD8C5D570B9}"
EndProject
Project("{FAE04EC0-301F-11D3-BF4B-00C04F79EFBC}") = "LotService", "LotService\LotService.csproj", "{757EC936-7B6D-426E-B57D-A4DB935E9707}"
EndProject
Project("{2150E333-8FDC-42A3-9474-1A3956D46DE8}") = ".nuget", ".nuget", "{C933935A-2944-48CA-99E9-1151D1F747FE}"
	ProjectSection(SolutionItems) = preProject
		.nuget\NuGet.Config = .nuget\NuGet.Config
		.nuget\NuGet.exe = .nuget\NuGet.exe
		.nuget\NuGet.targets = .nuget\NuGet.targets
	EndProjectSection
EndProject
Global
	GlobalSection(SolutionConfigurationPlatforms) = preSolution
		Debug|Any CPU = Debug|Any CPU
		Release|Any CPU = Release|Any CPU
	EndGlobalSection
	GlobalSection(ProjectConfigurationPlatforms) = postSolution
		{8319DDAA-1FFF-4F26-9851-3F9AD8196F28}.Debug|Any CPU.ActiveCfg = Debug|Any CPU
		{8319DDAA-1FFF-4F26-9851-3F9AD8196F28}.Debug|Any CPU.Build.0 = Debug|Any CPU
		{8319DDAA-1FFF-4F26-9851-3F9AD8196F28}.Release|Any CPU.ActiveCfg = Release|Any CPU
		{8319DDAA-1FFF-4F26-9851-3F9AD8196F28}.Release|Any CPU.Build.0 = Release|Any CPU
		{1203F09E-F7D9-483B-9BA8-BBD8C5D570B9}.Debug|Any CPU.ActiveCfg = Debug|Any CPU
		{1203F09E-F7D9-483B-9BA8-BBD8C5D570B9}.Debug|Any CPU.Build.0 = Debug|Any CPU
		{1203F09E-F7D9-483B-9BA8-BBD8C5D570B9}.Release|Any CPU.ActiveCfg = Release|Any CPU
		{1203F09E-F7D9-483B-9BA8-BBD8C5D570B9}.Release|Any CPU.Build.0 = Release|Any CPU
		{757EC936-7B6D-426E-B57D-A4DB935E9707}.Debug|Any CPU.ActiveCfg = Debug|Any CPU
		{757EC936-7B6D-426E-B57D-A4DB935E9707}.Debug|Any CPU.Build.0 = Debug|Any CPU
		{757EC936-7B6D-426E-B57D-A4DB935E9707}.Release|Any CPU.ActiveCfg = Release|Any CPU
		{757EC936-7B6D-426E-B57D-A4DB935E9707}.Release|Any CPU.Build.0 = Release|Any CPU
	EndGlobalSection
	GlobalSection(SolutionProperties) = preSolution
		HideSolutionNode = FALSE
	EndGlobalSection
EndGlobal
